
Microsoft Visual Studio Solution File, Format Version 12.00
# Visual Studio Version 17
VisualStudioVersion = 17.11.35312.102
MinimumVisualStudioVersion = 10.0.40219.1
Project("{2150E333-8FDC-42A3-9474-1A3956D46DE8}") = "Task1", "Task1", "{053220F3-F93F-41A5-86D3-429752EC52D4}"
EndProject
Project("{2150E333-8FDC-42A3-9474-1A3956D46DE8}") = "Task2", "Task2", "{C5DFAFF7-C120-4EDC-9EBA-67E3B218CEE1}"
EndProject
Project("{2150E333-8FDC-42A3-9474-1A3956D46DE8}") = "Task3", "Task3", "{8CEE6C29-1CF7-407B-A4B3-819D50AB5843}"
EndProject
Project("{2150E333-8FDC-42A3-9474-1A3956D46DE8}") = "Task4", "Task4", "{FDBAC601-D9A5-421E-800C-CB26C5CFC453}"
EndProject
Project("{2150E333-8FDC-42A3-9474-1A3956D46DE8}") = "Task5", "Task5", "{207A0302-6E2F-467C-B29D-963BB0A8F81A}"
EndProject
Project("{2150E333-8FDC-42A3-9474-1A3956D46DE8}") = "Task6", "Task6", "{7D407140-FEBD-47D7-9407-B4EBEABFE735}"
EndProject
Project("{2150E333-8FDC-42A3-9474-1A3956D46DE8}") = "Task7", "Task7", "{92AECF79-060F-45C5-B19E-B83EACCDC3E7}"
EndProject
Project("{2150E333-8FDC-42A3-9474-1A3956D46DE8}") = "Task0", "Task0", "{5D2DF385-C1C5-4143-A3EE-256C934D1432}"
EndProject
Project("{FAE04EC0-301F-11D3-BF4B-00C04F79EFBC}") = "Tyuiu.MasalimovtrTR.Sprint4.Task0.V1", "Tyuiu.MasalimovtrTR.Sprint4.Task0.V1\Tyuiu.MasalimovtrTR.Sprint4.Task0.V1.csproj", "{BF1FF9C5-D359-4D23-A12F-31D639890A3E}"
EndProject
Project("{FAE04EC0-301F-11D3-BF4B-00C04F79EFBC}") = "Tyuiu.MasalimovtrTR.Sprint4.Task0.V1.Lib", "Tyuiu.MasalimovtrTR.Sprint4.Task0.V1.Lib\Tyuiu.MasalimovtrTR.Sprint4.Task0.V1.Lib.csproj", "{935B30A4-8E0B-4D91-9D4F-014B4167B879}"
EndProject
Project("{FAE04EC0-301F-11D3-BF4B-00C04F79EFBC}") = "Tyuiu.MasalimovtrTR.Sprint4.Task0.V1.Test", "Tyuiu.MasalimovtrTR.Sprint4.Task0.V1.Test\Tyuiu.MasalimovtrTR.Sprint4.Task0.V1.Test.csproj", "{C63B7C10-EE53-43AC-A871-D4FD4D6174C3}"
EndProject
Project("{FAE04EC0-301F-11D3-BF4B-00C04F79EFBC}") = "Tyuiu.MasalimovtrTR.Sprint4.Task1.V28", "Tyuiu.MasalimovtrTR.Sprint4.Task1.V28\Tyuiu.MasalimovtrTR.Sprint4.Task1.V28.csproj", "{FD05619E-70D4-48AE-A30A-EA6759B8CFD8}"
EndProject
Project("{FAE04EC0-301F-11D3-BF4B-00C04F79EFBC}") = "Tyuiu.MasalimovtrTR.Sprint4.Task1.V28.Test", "Tyuiu.MasalimovtrTR.Sprint4.Task1.V28.Test\Tyuiu.MasalimovtrTR.Sprint4.Task1.V28.Test.csproj", "{16B14F86-649A-44AA-BD6C-77D7AB21FA5D}"
EndProject
Project("{FAE04EC0-301F-11D3-BF4B-00C04F79EFBC}") = "Tyuiu.MasalimovtrTR.Sprint4.Task1.V28.Lib", "Tyuiu.MasalimovtrTR.Sprint4.Task1.V28.Lib\Tyuiu.MasalimovtrTR.Sprint4.Task1.V28.Lib.csproj", "{0088F747-CA48-4861-AC5C-179216F69B44}"
EndProject
Project("{FAE04EC0-301F-11D3-BF4B-00C04F79EFBC}") = "Tyuiu.MasalimovtrTR.Sprint4.Task2.V20.Test", "Tyuiu.MasalimovtrTR.Sprint4.Task2.V20.Test\Tyuiu.MasalimovtrTR.Sprint4.Task2.V20.Test.csproj", "{3DF2873C-8160-4EDC-8595-9D8FD2640B69}"
EndProject
Project("{FAE04EC0-301F-11D3-BF4B-00C04F79EFBC}") = "Tyuiu.MasalimovtrTR.Sprint4.Task2.V20.Lib", "Tyuiu.MasalimovtrTR.Sprint4.Task2.V20.Lib\Tyuiu.MasalimovtrTR.Sprint4.Task2.V20.Lib.csproj", "{F4D64AFA-0226-4BE1-8A40-1762D612E2A8}"
EndProject
Project("{FAE04EC0-301F-11D3-BF4B-00C04F79EFBC}") = "Tyuiu.MasalimovtrTR.Sprint4.Task2.V20", "Tyuiu.MasalimovtrTR.Sprint4.Task2.V20\Tyuiu.MasalimovtrTR.Sprint4.Task2.V20.csproj", "{CE291782-F7C6-40F7-96DE-BCC994F760A0}"
EndProject
Project("{FAE04EC0-301F-11D3-BF4B-00C04F79EFBC}") = "Tyuiu.MasalimovtrTR.Sprint4.Task3.V17", "Tyuiu.MasalimovtrTR.Sprint4.Task3.V17\Tyuiu.MasalimovtrTR.Sprint4.Task3.V17.csproj", "{08B93FD4-32F1-4B2A-8FA4-BAA938F91B6D}"
EndProject
Project("{FAE04EC0-301F-11D3-BF4B-00C04F79EFBC}") = "Tyuiu.MasalimovtrTR.Sprint4.Task3.V17.Lib", "Tyuiu.MasalimovtrTR.Sprint4.Task3.V17.Lib\Tyuiu.MasalimovtrTR.Sprint4.Task3.V17.Lib.csproj", "{54B1E260-8BED-4F21-89C8-EA998E5CE4ED}"
EndProject
Project("{FAE04EC0-301F-11D3-BF4B-00C04F79EFBC}") = "Tyuiu.MasalimovtrTR.Sprint4.Task3.V17.Test", "Tyuiu.MasalimovtrTR.Sprint4.Task3.V17.Test\Tyuiu.MasalimovtrTR.Sprint4.Task3.V17.Test.csproj", "{33AD2725-D4C2-4473-89B9-27E20A0F65E3}"
EndProject
Project("{FAE04EC0-301F-11D3-BF4B-00C04F79EFBC}") = "Tyuiu.MasalimovtrTR.Sprint4.Task4.V14", "Tyuiu.MasalimovtrTR.Sprint4.Task4.V14\Tyuiu.MasalimovtrTR.Sprint4.Task4.V14.csproj", "{4DBCC104-6941-4FF7-A9CD-74044172CF5A}"
EndProject
Project("{FAE04EC0-301F-11D3-BF4B-00C04F79EFBC}") = "Tyuiu.MasalimovtrTR.Sprint4.Task4.V14.Test", "Tyuiu.MasalimovtrTR.Sprint4.Task4.V14.Test\Tyuiu.MasalimovtrTR.Sprint4.Task4.V14.Test.csproj", "{1B83F03B-B9B2-48FB-B746-21363A15790A}"
EndProject
Project("{FAE04EC0-301F-11D3-BF4B-00C04F79EFBC}") = "Tyuiu.MasalimovtrTR.Sprint4.Task4.V14.Lib", "Tyuiu.MasalimovtrTR.Sprint4.Task4.V14.Lib\Tyuiu.MasalimovtrTR.Sprint4.Task4.V14.Lib.csproj", "{D7181160-37F1-45F0-9639-BC6033AA311B}"
EndProject
Project("{FAE04EC0-301F-11D3-BF4B-00C04F79EFBC}") = "Tyuiu.MasalimovtrTR.Sprint4.Task5.V20", "Tyuiu.MasalimovtrTR.Sprint4.Task5.V20\Tyuiu.MasalimovtrTR.Sprint4.Task5.V20.csproj", "{CF49A129-7BDF-472E-93D1-31A11F02B4FA}"
EndProject
Project("{FAE04EC0-301F-11D3-BF4B-00C04F79EFBC}") = "Tyuiu.MasalimovtrTR.Sprint4.Task5.V20.Lib", "Tyuiu.MasalimovtrTR.Sprint4.Task5.V20.Lib\Tyuiu.MasalimovtrTR.Sprint4.Task5.V20.Lib.csproj", "{FA24B7B0-5E60-40DF-9987-2D2194A5340F}"
EndProject
Project("{FAE04EC0-301F-11D3-BF4B-00C04F79EFBC}") = "Tyuiu.MasalimovtrTR.Sprint4.Task5.V20.Test", "Tyuiu.MasalimovtrTR.Sprint4.Task5.V20.Test\Tyuiu.MasalimovtrTR.Sprint4.Task5.V20.Test.csproj", "{09B000AA-DBDB-435D-B03B-3F16C8C464F0}"
EndProject
Project("{FAE04EC0-301F-11D3-BF4B-00C04F79EFBC}") = "Tyuiu.MasalimovtrTR.Sprint4.Task6.V30", "Tyuiu.MasalimovtrTR.Sprint4.Task6.V30\Tyuiu.MasalimovtrTR.Sprint4.Task6.V30.csproj", "{0EAF5E2F-82B1-488F-9A50-6B9536F8CEF1}"
EndProject
Project("{FAE04EC0-301F-11D3-BF4B-00C04F79EFBC}") = "Tyuiu.MasalimovtrTR.Sprint4.Task6.V30.Test", "Tyuiu.MasalimovtrTR.Sprint4.Task6.V30.Test\Tyuiu.MasalimovtrTR.Sprint4.Task6.V30.Test.csproj", "{0B501BCD-D701-43EA-8220-F919F8E66ED9}"
EndProject
Project("{FAE04EC0-301F-11D3-BF4B-00C04F79EFBC}") = "Tyuiu.MasalimovtrTR.Sprint4.Task6.V30.Lib", "Tyuiu.MasalimovtrTR.Sprint4.Task6.V30.Lib\Tyuiu.MasalimovtrTR.Sprint4.Task6.V30.Lib.csproj", "{6CD8F21E-9B1E-4938-B87E-4F8D720E6A0F}"
EndProject
Project("{FAE04EC0-301F-11D3-BF4B-00C04F79EFBC}") = "Tyuiu.MasalimovtrTR.Sprint4.Task7.V17.Lib", "Tyuiu.MasalimovtrTR.Sprint4.Task7.V17.Lib\Tyuiu.MasalimovtrTR.Sprint4.Task7.V17.Lib.csproj", "{121C61C6-2092-4F37-BC89-904099F093B4}"
EndProject
Project("{FAE04EC0-301F-11D3-BF4B-00C04F79EFBC}") = "Tyuiu.MasalimovtrTR.Sprint4.Task7.V17.Test", "Tyuiu.MasalimovtrTR.Sprint4.Task7.V17.Test\Tyuiu.MasalimovtrTR.Sprint4.Task7.V17.Test.csproj", "{FD29BFB5-19B0-4862-8BA7-C1E19575985E}"
EndProject
Project("{FAE04EC0-301F-11D3-BF4B-00C04F79EFBC}") = "Tyuiu.MasalimovTR.Sprint4.Task7.V17", "Tyuiu.MasalimovTR.Sprint4.Task7.V17\Tyuiu.MasalimovTR.Sprint4.Task7.V17.csproj", "{DB6EBA05-8474-4949-9DCE-BE844A432E73}"
EndProject
Global
	GlobalSection(SolutionConfigurationPlatforms) = preSolution
		Debug|Any CPU = Debug|Any CPU
		Release|Any CPU = Release|Any CPU
	EndGlobalSection
	GlobalSection(ProjectConfigurationPlatforms) = postSolution
		{BF1FF9C5-D359-4D23-A12F-31D639890A3E}.Debug|Any CPU.ActiveCfg = Debug|Any CPU
		{BF1FF9C5-D359-4D23-A12F-31D639890A3E}.Debug|Any CPU.Build.0 = Debug|Any CPU
		{BF1FF9C5-D359-4D23-A12F-31D639890A3E}.Release|Any CPU.ActiveCfg = Release|Any CPU
		{BF1FF9C5-D359-4D23-A12F-31D639890A3E}.Release|Any CPU.Build.0 = Release|Any CPU
		{935B30A4-8E0B-4D91-9D4F-014B4167B879}.Debug|Any CPU.ActiveCfg = Debug|Any CPU
		{935B30A4-8E0B-4D91-9D4F-014B4167B879}.Debug|Any CPU.Build.0 = Debug|Any CPU
		{935B30A4-8E0B-4D91-9D4F-014B4167B879}.Release|Any CPU.ActiveCfg = Release|Any CPU
		{935B30A4-8E0B-4D91-9D4F-014B4167B879}.Release|Any CPU.Build.0 = Release|Any CPU
		{C63B7C10-EE53-43AC-A871-D4FD4D6174C3}.Debug|Any CPU.ActiveCfg = Debug|Any CPU
		{C63B7C10-EE53-43AC-A871-D4FD4D6174C3}.Debug|Any CPU.Build.0 = Debug|Any CPU
		{C63B7C10-EE53-43AC-A871-D4FD4D6174C3}.Release|Any CPU.ActiveCfg = Release|Any CPU
		{C63B7C10-EE53-43AC-A871-D4FD4D6174C3}.Release|Any CPU.Build.0 = Release|Any CPU
		{FD05619E-70D4-48AE-A30A-EA6759B8CFD8}.Debug|Any CPU.ActiveCfg = Debug|Any CPU
		{FD05619E-70D4-48AE-A30A-EA6759B8CFD8}.Debug|Any CPU.Build.0 = Debug|Any CPU
		{FD05619E-70D4-48AE-A30A-EA6759B8CFD8}.Release|Any CPU.ActiveCfg = Release|Any CPU
		{FD05619E-70D4-48AE-A30A-EA6759B8CFD8}.Release|Any CPU.Build.0 = Release|Any CPU
		{16B14F86-649A-44AA-BD6C-77D7AB21FA5D}.Debug|Any CPU.ActiveCfg = Debug|Any CPU
		{16B14F86-649A-44AA-BD6C-77D7AB21FA5D}.Debug|Any CPU.Build.0 = Debug|Any CPU
		{16B14F86-649A-44AA-BD6C-77D7AB21FA5D}.Release|Any CPU.ActiveCfg = Release|Any CPU
		{16B14F86-649A-44AA-BD6C-77D7AB21FA5D}.Release|Any CPU.Build.0 = Release|Any CPU
		{0088F747-CA48-4861-AC5C-179216F69B44}.Debug|Any CPU.ActiveCfg = Debug|Any CPU
		{0088F747-CA48-4861-AC5C-179216F69B44}.Debug|Any CPU.Build.0 = Debug|Any CPU
		{0088F747-CA48-4861-AC5C-179216F69B44}.Release|Any CPU.ActiveCfg = Release|Any CPU
		{0088F747-CA48-4861-AC5C-179216F69B44}.Release|Any CPU.Build.0 = Release|Any CPU
		{3DF2873C-8160-4EDC-8595-9D8FD2640B69}.Debug|Any CPU.ActiveCfg = Debug|Any CPU
		{3DF2873C-8160-4EDC-8595-9D8FD2640B69}.Debug|Any CPU.Build.0 = Debug|Any CPU
		{3DF2873C-8160-4EDC-8595-9D8FD2640B69}.Release|Any CPU.ActiveCfg = Release|Any CPU
		{3DF2873C-8160-4EDC-8595-9D8FD2640B69}.Release|Any CPU.Build.0 = Release|Any CPU
		{F4D64AFA-0226-4BE1-8A40-1762D612E2A8}.Debug|Any CPU.ActiveCfg = Debug|Any CPU
		{F4D64AFA-0226-4BE1-8A40-1762D612E2A8}.Debug|Any CPU.Build.0 = Debug|Any CPU
		{F4D64AFA-0226-4BE1-8A40-1762D612E2A8}.Release|Any CPU.ActiveCfg = Release|Any CPU
		{F4D64AFA-0226-4BE1-8A40-1762D612E2A8}.Release|Any CPU.Build.0 = Release|Any CPU
		{CE291782-F7C6-40F7-96DE-BCC994F760A0}.Debug|Any CPU.ActiveCfg = Debug|Any CPU
		{CE291782-F7C6-40F7-96DE-BCC994F760A0}.Debug|Any CPU.Build.0 = Debug|Any CPU
		{CE291782-F7C6-40F7-96DE-BCC994F760A0}.Release|Any CPU.ActiveCfg = Release|Any CPU
		{CE291782-F7C6-40F7-96DE-BCC994F760A0}.Release|Any CPU.Build.0 = Release|Any CPU
		{08B93FD4-32F1-4B2A-8FA4-BAA938F91B6D}.Debug|Any CPU.ActiveCfg = Debug|Any CPU
		{08B93FD4-32F1-4B2A-8FA4-BAA938F91B6D}.Debug|Any CPU.Build.0 = Debug|Any CPU
		{08B93FD4-32F1-4B2A-8FA4-BAA938F91B6D}.Release|Any CPU.ActiveCfg = Release|Any CPU
		{08B93FD4-32F1-4B2A-8FA4-BAA938F91B6D}.Release|Any CPU.Build.0 = Release|Any CPU
		{54B1E260-8BED-4F21-89C8-EA998E5CE4ED}.Debug|Any CPU.ActiveCfg = Debug|Any CPU
		{54B1E260-8BED-4F21-89C8-EA998E5CE4ED}.Debug|Any CPU.Build.0 = Debug|Any CPU
		{54B1E260-8BED-4F21-89C8-EA998E5CE4ED}.Release|Any CPU.ActiveCfg = Release|Any CPU
		{54B1E260-8BED-4F21-89C8-EA998E5CE4ED}.Release|Any CPU.Build.0 = Release|Any CPU
		{33AD2725-D4C2-4473-89B9-27E20A0F65E3}.Debug|Any CPU.ActiveCfg = Debug|Any CPU
		{33AD2725-D4C2-4473-89B9-27E20A0F65E3}.Debug|Any CPU.Build.0 = Debug|Any CPU
		{33AD2725-D4C2-4473-89B9-27E20A0F65E3}.Release|Any CPU.ActiveCfg = Release|Any CPU
		{33AD2725-D4C2-4473-89B9-27E20A0F65E3}.Release|Any CPU.Build.0 = Release|Any CPU
		{4DBCC104-6941-4FF7-A9CD-74044172CF5A}.Debug|Any CPU.ActiveCfg = Debug|Any CPU
		{4DBCC104-6941-4FF7-A9CD-74044172CF5A}.Debug|Any CPU.Build.0 = Debug|Any CPU
		{4DBCC104-6941-4FF7-A9CD-74044172CF5A}.Release|Any CPU.ActiveCfg = Release|Any CPU
		{4DBCC104-6941-4FF7-A9CD-74044172CF5A}.Release|Any CPU.Build.0 = Release|Any CPU
		{1B83F03B-B9B2-48FB-B746-21363A15790A}.Debug|Any CPU.ActiveCfg = Debug|Any CPU
		{1B83F03B-B9B2-48FB-B746-21363A15790A}.Debug|Any CPU.Build.0 = Debug|Any CPU
		{1B83F03B-B9B2-48FB-B746-21363A15790A}.Release|Any CPU.ActiveCfg = Release|Any CPU
		{1B83F03B-B9B2-48FB-B746-21363A15790A}.Release|Any CPU.Build.0 = Release|Any CPU
		{D7181160-37F1-45F0-9639-BC6033AA311B}.Debug|Any CPU.ActiveCfg = Debug|Any CPU
		{D7181160-37F1-45F0-9639-BC6033AA311B}.Debug|Any CPU.Build.0 = Debug|Any CPU
		{D7181160-37F1-45F0-9639-BC6033AA311B}.Release|Any CPU.ActiveCfg = Release|Any CPU
		{D7181160-37F1-45F0-9639-BC6033AA311B}.Release|Any CPU.Build.0 = Release|Any CPU
		{CF49A129-7BDF-472E-93D1-31A11F02B4FA}.Debug|Any CPU.ActiveCfg = Debug|Any CPU
		{CF49A129-7BDF-472E-93D1-31A11F02B4FA}.Debug|Any CPU.Build.0 = Debug|Any CPU
		{CF49A129-7BDF-472E-93D1-31A11F02B4FA}.Release|Any CPU.ActiveCfg = Release|Any CPU
		{CF49A129-7BDF-472E-93D1-31A11F02B4FA}.Release|Any CPU.Build.0 = Release|Any CPU
		{FA24B7B0-5E60-40DF-9987-2D2194A5340F}.Debug|Any CPU.ActiveCfg = Debug|Any CPU
		{FA24B7B0-5E60-40DF-9987-2D2194A5340F}.Debug|Any CPU.Build.0 = Debug|Any CPU
		{FA24B7B0-5E60-40DF-9987-2D2194A5340F}.Release|Any CPU.ActiveCfg = Release|Any CPU
		{FA24B7B0-5E60-40DF-9987-2D2194A5340F}.Release|Any CPU.Build.0 = Release|Any CPU
		{09B000AA-DBDB-435D-B03B-3F16C8C464F0}.Debug|Any CPU.ActiveCfg = Debug|Any CPU
		{09B000AA-DBDB-435D-B03B-3F16C8C464F0}.Debug|Any CPU.Build.0 = Debug|Any CPU
		{09B000AA-DBDB-435D-B03B-3F16C8C464F0}.Release|Any CPU.ActiveCfg = Release|Any CPU
		{09B000AA-DBDB-435D-B03B-3F16C8C464F0}.Release|Any CPU.Build.0 = Release|Any CPU
		{0EAF5E2F-82B1-488F-9A50-6B9536F8CEF1}.Debug|Any CPU.ActiveCfg = Debug|Any CPU
		{0EAF5E2F-82B1-488F-9A50-6B9536F8CEF1}.Debug|Any CPU.Build.0 = Debug|Any CPU
		{0EAF5E2F-82B1-488F-9A50-6B9536F8CEF1}.Release|Any CPU.ActiveCfg = Release|Any CPU
		{0EAF5E2F-82B1-488F-9A50-6B9536F8CEF1}.Release|Any CPU.Build.0 = Release|Any CPU
		{0B501BCD-D701-43EA-8220-F919F8E66ED9}.Debug|Any CPU.ActiveCfg = Debug|Any CPU
		{0B501BCD-D701-43EA-8220-F919F8E66ED9}.Debug|Any CPU.Build.0 = Debug|Any CPU
		{0B501BCD-D701-43EA-8220-F919F8E66ED9}.Release|Any CPU.ActiveCfg = Release|Any CPU
		{0B501BCD-D701-43EA-8220-F919F8E66ED9}.Release|Any CPU.Build.0 = Release|Any CPU
		{6CD8F21E-9B1E-4938-B87E-4F8D720E6A0F}.Debug|Any CPU.ActiveCfg = Debug|Any CPU
		{6CD8F21E-9B1E-4938-B87E-4F8D720E6A0F}.Debug|Any CPU.Build.0 = Debug|Any CPU
		{6CD8F21E-9B1E-4938-B87E-4F8D720E6A0F}.Release|Any CPU.ActiveCfg = Release|Any CPU
		{6CD8F21E-9B1E-4938-B87E-4F8D720E6A0F}.Release|Any CPU.Build.0 = Release|Any CPU
		{121C61C6-2092-4F37-BC89-904099F093B4}.Debug|Any CPU.ActiveCfg = Debug|Any CPU
		{121C61C6-2092-4F37-BC89-904099F093B4}.Debug|Any CPU.Build.0 = Debug|Any CPU
		{121C61C6-2092-4F37-BC89-904099F093B4}.Release|Any CPU.ActiveCfg = Release|Any CPU
		{121C61C6-2092-4F37-BC89-904099F093B4}.Release|Any CPU.Build.0 = Release|Any CPU
		{FD29BFB5-19B0-4862-8BA7-C1E19575985E}.Debug|Any CPU.ActiveCfg = Debug|Any CPU
		{FD29BFB5-19B0-4862-8BA7-C1E19575985E}.Debug|Any CPU.Build.0 = Debug|Any CPU
		{FD29BFB5-19B0-4862-8BA7-C1E19575985E}.Release|Any CPU.ActiveCfg = Release|Any CPU
		{FD29BFB5-19B0-4862-8BA7-C1E19575985E}.Release|Any CPU.Build.0 = Release|Any CPU
		{DB6EBA05-8474-4949-9DCE-BE844A432E73}.Debug|Any CPU.ActiveCfg = Debug|Any CPU
		{DB6EBA05-8474-4949-9DCE-BE844A432E73}.Debug|Any CPU.Build.0 = Debug|Any CPU
		{DB6EBA05-8474-4949-9DCE-BE844A432E73}.Release|Any CPU.ActiveCfg = Release|Any CPU
		{DB6EBA05-8474-4949-9DCE-BE844A432E73}.Release|Any CPU.Build.0 = Release|Any CPU
	EndGlobalSection
	GlobalSection(SolutionProperties) = preSolution
		HideSolutionNode = FALSE
	EndGlobalSection
	GlobalSection(NestedProjects) = preSolution
		{BF1FF9C5-D359-4D23-A12F-31D639890A3E} = {5D2DF385-C1C5-4143-A3EE-256C934D1432}
		{935B30A4-8E0B-4D91-9D4F-014B4167B879} = {5D2DF385-C1C5-4143-A3EE-256C934D1432}
		{C63B7C10-EE53-43AC-A871-D4FD4D6174C3} = {5D2DF385-C1C5-4143-A3EE-256C934D1432}
		{FD05619E-70D4-48AE-A30A-EA6759B8CFD8} = {053220F3-F93F-41A5-86D3-429752EC52D4}
		{16B14F86-649A-44AA-BD6C-77D7AB21FA5D} = {053220F3-F93F-41A5-86D3-429752EC52D4}
		{0088F747-CA48-4861-AC5C-179216F69B44} = {053220F3-F93F-41A5-86D3-429752EC52D4}
		{3DF2873C-8160-4EDC-8595-9D8FD2640B69} = {C5DFAFF7-C120-4EDC-9EBA-67E3B218CEE1}
		{F4D64AFA-0226-4BE1-8A40-1762D612E2A8} = {C5DFAFF7-C120-4EDC-9EBA-67E3B218CEE1}
		{CE291782-F7C6-40F7-96DE-BCC994F760A0} = {C5DFAFF7-C120-4EDC-9EBA-67E3B218CEE1}
		{08B93FD4-32F1-4B2A-8FA4-BAA938F91B6D} = {8CEE6C29-1CF7-407B-A4B3-819D50AB5843}
		{54B1E260-8BED-4F21-89C8-EA998E5CE4ED} = {8CEE6C29-1CF7-407B-A4B3-819D50AB5843}
		{33AD2725-D4C2-4473-89B9-27E20A0F65E3} = {8CEE6C29-1CF7-407B-A4B3-819D50AB5843}
		{4DBCC104-6941-4FF7-A9CD-74044172CF5A} = {FDBAC601-D9A5-421E-800C-CB26C5CFC453}
		{1B83F03B-B9B2-48FB-B746-21363A15790A} = {FDBAC601-D9A5-421E-800C-CB26C5CFC453}
		{D7181160-37F1-45F0-9639-BC6033AA311B} = {FDBAC601-D9A5-421E-800C-CB26C5CFC453}
		{CF49A129-7BDF-472E-93D1-31A11F02B4FA} = {207A0302-6E2F-467C-B29D-963BB0A8F81A}
		{FA24B7B0-5E60-40DF-9987-2D2194A5340F} = {207A0302-6E2F-467C-B29D-963BB0A8F81A}
		{09B000AA-DBDB-435D-B03B-3F16C8C464F0} = {207A0302-6E2F-467C-B29D-963BB0A8F81A}
		{0EAF5E2F-82B1-488F-9A50-6B9536F8CEF1} = {7D407140-FEBD-47D7-9407-B4EBEABFE735}
		{0B501BCD-D701-43EA-8220-F919F8E66ED9} = {7D407140-FEBD-47D7-9407-B4EBEABFE735}
		{6CD8F21E-9B1E-4938-B87E-4F8D720E6A0F} = {7D407140-FEBD-47D7-9407-B4EBEABFE735}
		{121C61C6-2092-4F37-BC89-904099F093B4} = {92AECF79-060F-45C5-B19E-B83EACCDC3E7}
		{FD29BFB5-19B0-4862-8BA7-C1E19575985E} = {92AECF79-060F-45C5-B19E-B83EACCDC3E7}
		{DB6EBA05-8474-4949-9DCE-BE844A432E73} = {92AECF79-060F-45C5-B19E-B83EACCDC3E7}
	EndGlobalSection
	GlobalSection(ExtensibilityGlobals) = postSolution
		SolutionGuid = {93FDBCAA-C3EF-4304-B4AF-66DA22D0B00C}
	EndGlobalSection
EndGlobal
